// !$*UTF8*$!
{
	archiveVersion = 1;
	classes = {
	};
	objectVersion = 46;
	objects = {

/* Begin PBXBuildFile section */
		457261101D7AED9300EFFA16 /* AppDelegate.swift in Sources */ = {isa = PBXBuildFile; fileRef = 4572610F1D7AED9300EFFA16 /* AppDelegate.swift */; };
		457261121D7AED9300EFFA16 /* ViewController.swift in Sources */ = {isa = PBXBuildFile; fileRef = 457261111D7AED9300EFFA16 /* ViewController.swift */; };
		457261151D7AED9300EFFA16 /* Main.storyboard in Resources */ = {isa = PBXBuildFile; fileRef = 457261131D7AED9300EFFA16 /* Main.storyboard */; };
		457261181D7AED9300EFFA16 /* RSSReader3.xcdatamodeld in Sources */ = {isa = PBXBuildFile; fileRef = 457261161D7AED9300EFFA16 /* RSSReader3.xcdatamodeld */; };
		4572611A1D7AED9300EFFA16 /* Assets.xcassets in Resources */ = {isa = PBXBuildFile; fileRef = 457261191D7AED9300EFFA16 /* Assets.xcassets */; };
		4572611D1D7AED9300EFFA16 /* LaunchScreen.storyboard in Resources */ = {isa = PBXBuildFile; fileRef = 4572611B1D7AED9300EFFA16 /* LaunchScreen.storyboard */; };
/* End PBXBuildFile section */

/* Begin PBXFileReference section */
		4572610C1D7AED9300EFFA16 /* RSSReader3.app */ = {isa = PBXFileReference; explicitFileType = wrapper.application; includeInIndex = 0; path = RSSReader3.app; sourceTree = BUILT_PRODUCTS_DIR; };
		4572610F1D7AED9300EFFA16 /* AppDelegate.swift */ = {isa = PBXFileReference; lastKnownFileType = sourcecode.swift; path = AppDelegate.swift; sourceTree = "<group>"; };
		457261111D7AED9300EFFA16 /* ViewController.swift */ = {isa = PBXFileReference; lastKnownFileType = sourcecode.swift; path = ViewController.swift; sourceTree = "<group>"; };
		457261141D7AED9300EFFA16 /* Base */ = {isa = PBXFileReference; lastKnownFileType = file.storyboard; name = Base; path = Base.lproj/Main.storyboard; sourceTree = "<group>"; };
		457261171D7AED9300EFFA16 /* RSSReader3.xcdatamodel */ = {isa = PBXFileReference; lastKnownFileType = wrapper.xcdatamodel; path = RSSReader3.xcdatamodel; sourceTree = "<group>"; };
		457261191D7AED9300EFFA16 /* Assets.xcassets */ = {isa = PBXFileReference; lastKnownFileType = folder.assetcatalog; path = Assets.xcassets; sourceTree = "<group>"; };
		4572611C1D7AED9300EFFA16 /* Base */ = {isa = PBXFileReference; lastKnownFileType = file.storyboard; name = Base; path = Base.lproj/LaunchScreen.storyboard; sourceTree = "<group>"; };
		4572611E1D7AED9300EFFA16 /* Info.plist */ = {isa = PBXFileReference; lastKnownFileType = text.plist.xml; path = Info.plist; sourceTree = "<group>"; };
/* End PBXFileReference section */

/* Begin PBXFrameworksBuildPhase section */
		457261091D7AED9300EFFA16 /* Frameworks */ = {
			isa = PBXFrameworksBuildPhase;
			buildActionMask = 2147483647;
			files = (
			);
			runOnlyForDeploymentPostprocessing = 0;
		};
/* End PBXFrameworksBuildPhase section */

/* Begin PBXGroup section */
		457261031D7AED9300EFFA16 = {
			isa = PBXGroup;
			children = (
				4572610E1D7AED9300EFFA16 /* RSSReader3 */,
				4572610D1D7AED9300EFFA16 /* Products */,
			);
			sourceTree = "<group>";
		};
		4572610D1D7AED9300EFFA16 /* Products */ = {
			isa = PBXGroup;
			children = (
				4572610C1D7AED9300EFFA16 /* RSSReader3.app */,
			);
			name = Products;
			sourceTree = "<group>";
		};
		4572610E1D7AED9300EFFA16 /* RSSReader3 */ = {
			isa = PBXGroup;
			children = (
				4572610F1D7AED9300EFFA16 /* AppDelegate.swift */,
				457261111D7AED9300EFFA16 /* ViewController.swift */,
				457261131D7AED9300EFFA16 /* Main.storyboard */,
				457261191D7AED9300EFFA16 /* Assets.xcassets */,
				4572611B1D7AED9300EFFA16 /* LaunchScreen.storyboard */,
				4572611E1D7AED9300EFFA16 /* Info.plist */,
				457261161D7AED9300EFFA16 /* RSSReader3.xcdatamodeld */,
			);
			path = RSSReader3;
			sourceTree = "<group>";
		};
/* End PBXGroup section */

/* Begin PBXNativeTarget section */
		4572610B1D7AED9300EFFA16 /* RSSReader3 */ = {
			isa = PBXNativeTarget;
			buildConfigurationList = 457261211D7AED9300EFFA16 /* Build configuration list for PBXNativeTarget "RSSReader3" */;
			buildPhases = (
				457261081D7AED9300EFFA16 /* Sources */,
				457261091D7AED9300EFFA16 /* Frameworks */,
				4572610A1D7AED9300EFFA16 /* Resources */,
			);
			buildRules = (
			);
			dependencies = (
			);
			name = RSSReader3;
			productName = RSSReader3;
			productReference = 4572610C1D7AED9300EFFA16 /* RSSReader3.app */;
			productType = "com.apple.product-type.application";
		};
/* End PBXNativeTarget section */

/* Begin PBXProject section */
		457261041D7AED9300EFFA16 /* Project object */ = {
			isa = PBXProject;
			attributes = {
				LastSwiftUpdateCheck = 0730;
				LastUpgradeCheck = 0730;
				ORGANIZATIONNAME = KanslerSoft;
				TargetAttributes = {
					4572610B1D7AED9300EFFA16 = {
						CreatedOnToolsVersion = 7.3.1;
					};
				};
			};
			buildConfigurationList = 457261071D7AED9300EFFA16 /* Build configuration list for PBXProject "RSSReader3" */;
			compatibilityVersion = "Xcode 3.2";
			developmentRegion = English;
			hasScannedForEncodings = 0;
			knownRegions = (
				en,
				Base,
			);
			mainGroup = 457261031D7AED9300EFFA16;
			productRefGroup = 4572610D1D7AED9300EFFA16 /* Products */;
			projectDirPath = "";
			projectRoot = "";
			targets = (
				4572610B1D7AED9300EFFA16 /* RSSReader3 */,
			);
		};
/* End PBXProject section */

/* Begin PBXResourcesBuildPhase section */
		4572610A1D7AED9300EFFA16 /* Resources */ = {
			isa = PBXResourcesBuildPhase;
			buildActionMask = 2147483647;
			files = (
				4572611D1D7AED9300EFFA16 /* LaunchScreen.storyboard in Resources */,
				4572611A1D7AED9300EFFA16 /* Assets.xcassets in Resources */,
				457261151D7AED9300EFFA16 /* Main.storyboard in Resources */,
			);
			runOnlyForDeploymentPostprocessing = 0;
		};
/* End PBXResourcesBuildPhase section */

/* Begin PBXSourcesBuildPhase section */
		457261081D7AED9300EFFA16 /* Sources */ = {
			isa = PBXSourcesBuildPhase;
			buildActionMask = 2147483647;
			files = (
				457261121D7AED9300EFFA16 /* ViewController.swift in Sources */,
				457261101D7AED9300EFFA16 /* AppDelegate.swift in Sources */,
				457261181D7AED9300EFFA16 /* RSSReader3.xcdatamodeld in Sources */,
			);
			runOnlyForDeploymentPostprocessing = 0;
		};
/* End PBXSourcesBuildPhase section */

/* Begin PBXVariantGroup section */
		457261131D7AED9300EFFA16 /* Main.storyboard */ = {
			isa = PBXVariantGroup;
			children = (
				457261141D7AED9300EFFA16 /* Base */,
			);
			name = Main.storyboard;
			sourceTree = "<group>";
		};
		4572611B1D7AED9300EFFA16 /* LaunchScreen.storyboard */ = {
			isa = PBXVariantGroup;
			children = (
				4572611C1D7AED9300EFFA16 /* Base */,
			);
			name = LaunchScreen.storyboard;
			sourceTree = "<group>";
		};
/* End PBXVariantGroup section */

/* Begin XCBuildConfiguration section */
		4572611F1D7AED9300EFFA16 /* Debug */ = {
			isa = XCBuildConfiguration;
			buildSettings = {
				ALWAYS_SEARCH_USER_PATHS = NO;
				CLANG_ANALYZER_NONNULL = YES;
				CLANG_CXX_LANGUAGE_STANDARD = "gnu++0x";
				CLANG_CXX_LIBRARY = "libc++";
				CLANG_ENABLE_MODULES = YES;
				CLANG_ENABLE_OBJC_ARC = YES;
				CLANG_WARN_BOOL_CONVERSION = YES;
				CLANG_WARN_CONSTANT_CONVERSION = YES;
				CLANG_WARN_DIRECT_OBJC_ISA_USAGE = YES_ERROR;
				CLANG_WARN_EMPTY_BODY = YES;
				CLANG_WARN_ENUM_CONVERSION = YES;
				CLANG_WARN_INT_CONVERSION = YES;
				CLANG_WARN_OBJC_ROOT_CLASS = YES_ERROR;
				CLANG_WARN_UNREACHABLE_CODE = YES;
				CLANG_WARN__DUPLICATE_METHOD_MATCH = YES;
				"CODE_SIGN_IDENTITY[sdk=iphoneos*]" = "iPhone Developer";
				COPY_PHASE_STRIP = NO;
				DEBUG_INFORMATION_FORMAT = dwarf;
				ENABLE_STRICT_OBJC_MSGSEND = YES;
				ENABLE_TESTABILITY = YES;
				GCC_C_LANGUAGE_STANDARD = gnu99;
				GCC_DYNAMIC_NO_PIC = NO;
				GCC_NO_COMMON_BLOCKS = YES;
				GCC_OPTIMIZATION_LEVEL = 0;
				GCC_PREPROCESSOR_DEFINITIONS = (
					"DEBUG=1",
					"$(inherited)",
				);
				GCC_WARN_64_TO_32_BIT_CONVERSION = YES;
				GCC_WARN_ABOUT_RETURN_TYPE = YES_ERROR;
				GCC_WARN_UNDECLARED_SELECTOR = YES;
				GCC_WARN_UNINITIALIZED_AUTOS = YES_AGGRESSIVE;
				GCC_WARN_UNUSED_FUNCTION = YES;
				GCC_WARN_UNUSED_VARIABLE = YES;
				IPHONEOS_DEPLOYMENT_TARGET = 9.3;
				MTL_ENABLE_DEBUG_INFO = YES;
				ONLY_ACTIVE_ARCH = YES;
				SDKROOT = iphoneos;
				SWIFT_OPTIMIZATION_LEVEL = "-Onone";
				TARGETED_DEVICE_FAMILY = "1,2";
			};
			name = Debug;
		};
		457261201D7AED9300EFFA16 /* Release */ = {
			isa = XCBuildConfiguration;
			buildSettings = {
				ALWAYS_SEARCH_USER_PATHS = NO;
				CLANG_ANALYZER_NONNULL = YES;
				CLANG_CXX_LANGUAGE_STANDARD = "gnu++0x";
				CLANG_CXX_LIBRARY = "libc++";
				CLANG_ENABLE_MODULES = YES;
				CLANG_ENABLE_OBJC_ARC = YES;
				CLANG_WARN_BOOL_CONVERSION = YES;
				CLANG_WARN_CONSTANT_CONVERSION = YES;
				CLANG_WARN_DIRECT_OBJC_ISA_USAGE = YES_ERROR;
				CLANG_WARN_EMPTY_BODY = YES;
				CLANG_WARN_ENUM_CONVERSION = YES;
				CLANG_WARN_INT_CONVERSION = YES;
				CLANG_WARN_OBJC_ROOT_CLASS = YES_ERROR;
				CLANG_WARN_UNREACHABLE_CODE = YES;
				CLANG_WARN__DUPLICATE_METHOD_MATCH = YES;
				"CODE_SIGN_IDENTITY[sdk=iphoneos*]" = "iPhone Developer";
				COPY_PHASE_STRIP = NO;
				DEBUG_INFORMATION_FORMAT = "dwarf-with-dsym";
				ENABLE_NS_ASSERTIONS = NO;
				ENABLE_STRICT_OBJC_MSGSEND = YES;
				GCC_C_LANGUAGE_STANDARD = gnu99;
				GCC_NO_COMMON_BLOCKS = YES;
				GCC_WARN_64_TO_32_BIT_CONVERSION = YES;
				GCC_WARN_ABOUT_RETURN_TYPE = YES_ERROR;
				GCC_WARN_UNDECLARED_SELECTOR = YES;
				GCC_WARN_UNINITIALIZED_AUTOS = YES_AGGRESSIVE;
				GCC_WARN_UNUSED_FUNCTION = YES;
				GCC_WARN_UNUSED_VARIABLE = YES;
				IPHONEOS_DEPLOYMENT_TARGET = 9.3;
				MTL_ENABLE_DEBUG_INFO = NO;
				SDKROOT = iphoneos;
				TARGETED_DEVICE_FAMILY = "1,2";
				VALIDATE_PRODUCT = YES;
			};
			name = Release;
		};
		457261221D7AED9300EFFA16 /* Debug */ = {
			isa = XCBuildConfiguration;
			buildSettings = {
				ASSETCATALOG_COMPILER_APPICON_NAME = AppIcon;
				INFOPLIST_FILE = RSSReader3/Info.plist;
				LD_RUNPATH_SEARCH_PATHS = "$(inherited) @executable_path/Frameworks";
				PRODUCT_BUNDLE_IDENTIFIER = KanslerSoft.RSSReader3;
				PRODUCT_NAME = "$(TARGET_NAME)";
			};
			name = Debug;
		};
		457261231D7AED9300EFFA16 /* Release */ = {
			isa = XCBuildConfiguration;
			buildSettings = {
				ASSETCATALOG_COMPILER_APPICON_NAME = AppIcon;
				INFOPLIST_FILE = RSSReader3/Info.plist;
				LD_RUNPATH_SEARCH_PATHS = "$(inherited) @executable_path/Frameworks";
				PRODUCT_BUNDLE_IDENTIFIER = KanslerSoft.RSSReader3;
				PRODUCT_NAME = "$(TARGET_NAME)";
			};
			name = Release;
		};
/* End XCBuildConfiguration section */

/* Begin XCConfigurationList section */
		457261071D7AED9300EFFA16 /* Build configuration list for PBXProject "RSSReader3" */ = {
			isa = XCConfigurationList;
			buildConfigurations = (
				4572611F1D7AED9300EFFA16 /* Debug */,
				457261201D7AED9300EFFA16 /* Release */,
			);
			defaultConfigurationIsVisible = 0;
			defaultConfigurationName = Release;
		};
		457261211D7AED9300EFFA16 /* Build configuration list for PBXNativeTarget "RSSReader3" */ = {
			isa = XCConfigurationList;
			buildConfigurations = (
				457261221D7AED9300EFFA16 /* Debug */,
				457261231D7AED9300EFFA16 /* Release */,
			);
			defaultConfigurationIsVisible = 0;
		};
/* End XCConfigurationList section */

/* Begin XCVersionGroup section */
		457261161D7AED9300EFFA16 /* RSSReader3.xcdatamodeld */ = {
			isa = XCVersionGroup;
			children = (
				457261171D7AED9300EFFA16 /* RSSReader3.xcdatamodel */,
			);
			currentVersion = 457261171D7AED9300EFFA16 /* RSSReader3.xcdatamodel */;
			path = RSSReader3.xcdatamodeld;
			sourceTree = "<group>";
			versionGroupType = wrapper.xcdatamodel;
		};
/* End XCVersionGroup section */
	};
	rootObject = 457261041D7AED9300EFFA16 /* Project object */;
}
